
Microsoft Visual Studio Solution File, Format Version 12.00
# Visual Studio Version 17
VisualStudioVersion = 17.2.32526.322
MinimumVisualStudioVersion = 10.0.40219.1
Project("{8BC9CEB8-8B4A-11D0-8D11-00A0C91BC942}") = "Course_Work", "Course_Work\Course_Work.vcxproj", "{E1C7C07A-B941-4CF1-BE24-4EFF59595DCE}"
EndProject
Global
	GlobalSection(SolutionConfigurationPlatforms) = preSolution
		Debug|x64 = Debug|x64
		Debug|x86 = Debug|x86
		Release|x64 = Release|x64
		Release|x86 = Release|x86
	EndGlobalSection
	GlobalSection(ProjectConfigurationPlatforms) = postSolution
		{E1C7C07A-B941-4CF1-BE24-4EFF59595DCE}.Debug|x64.ActiveCfg = Debug|x64
		{E1C7C07A-B941-4CF1-BE24-4EFF59595DCE}.Debug|x64.Build.0 = Debug|x64
		{E1C7C07A-B941-4CF1-BE24-4EFF59595DCE}.Debug|x86.ActiveCfg = Debug|Win32
		{E1C7C07A-B941-4CF1-BE24-4EFF59595DCE}.Debug|x86.Build.0 = Debug|Win32
		{E1C7C07A-B941-4CF1-BE24-4EFF59595DCE}.Release|x64.ActiveCfg = Release|x64
		{E1C7C07A-B941-4CF1-BE24-4EFF59595DCE}.Release|x64.Build.0 = Release|x64
		{E1C7C07A-B941-4CF1-BE24-4EFF59595DCE}.Release|x86.ActiveCfg = Release|Win32
		{E1C7C07A-B941-4CF1-BE24-4EFF59595DCE}.Release|x86.Build.0 = Release|Win32
	EndGlobalSection
	GlobalSection(SolutionProperties) = preSolution
		HideSolutionNode = FALSE
	EndGlobalSection
	GlobalSection(ExtensibilityGlobals) = postSolution
		SolutionGuid = {8B133894-C4BA-4B1E-A175-B8E3EE879635}
	EndGlobalSection
EndGlobal
